
Microsoft Visual Studio Solution File, Format Version 12.00
# Visual Studio Version 16
VisualStudioVersion = 16.0.31410.357
MinimumVisualStudioVersion = 10.0.40219.1
Project("{9A19103F-16F7-4668-BE54-9A1E7A4F7556}") = "PlcStarter", "PlcStarter\PlcStarter.csproj", "{06D4D612-1EF9-4F7B-A021-0DC1127D7C85}"
EndProject
Project("{9A19103F-16F7-4668-BE54-9A1E7A4F7556}") = "JsonEditor", "JsonEditor\JsonEditor.csproj", "{0AABB7BC-F2A8-405D-9FDA-8279FF60F12A}"
EndProject
Project("{FAE04EC0-301F-11D3-BF4B-00C04F79EFBC}") = "Openness", "Openness\Openness.csproj", "{C694028F-BCD3-4CA2-A8C7-A29640FF9511}"
EndProject
Global
	GlobalSection(SolutionConfigurationPlatforms) = preSolution
		Debug|Any CPU = Debug|Any CPU
		Debug|x86 = Debug|x86
		Release|Any CPU = Release|Any CPU
		Release|x86 = Release|x86
	EndGlobalSection
	GlobalSection(ProjectConfigurationPlatforms) = postSolution
		{06D4D612-1EF9-4F7B-A021-0DC1127D7C85}.Debug|Any CPU.ActiveCfg = Debug|Any CPU
		{06D4D612-1EF9-4F7B-A021-0DC1127D7C85}.Debug|Any CPU.Build.0 = Debug|Any CPU
		{06D4D612-1EF9-4F7B-A021-0DC1127D7C85}.Debug|x86.ActiveCfg = Debug|Any CPU
		{06D4D612-1EF9-4F7B-A021-0DC1127D7C85}.Debug|x86.Build.0 = Debug|Any CPU
		{06D4D612-1EF9-4F7B-A021-0DC1127D7C85}.Release|Any CPU.ActiveCfg = Release|Any CPU
		{06D4D612-1EF9-4F7B-A021-0DC1127D7C85}.Release|Any CPU.Build.0 = Release|Any CPU
		{06D4D612-1EF9-4F7B-A021-0DC1127D7C85}.Release|x86.ActiveCfg = Release|Any CPU
		{06D4D612-1EF9-4F7B-A021-0DC1127D7C85}.Release|x86.Build.0 = Release|Any CPU
		{0AABB7BC-F2A8-405D-9FDA-8279FF60F12A}.Debug|Any CPU.ActiveCfg = Debug|Any CPU
		{0AABB7BC-F2A8-405D-9FDA-8279FF60F12A}.Debug|Any CPU.Build.0 = Debug|Any CPU
		{0AABB7BC-F2A8-405D-9FDA-8279FF60F12A}.Debug|x86.ActiveCfg = Debug|Any CPU
		{0AABB7BC-F2A8-405D-9FDA-8279FF60F12A}.Debug|x86.Build.0 = Debug|Any CPU
		{0AABB7BC-F2A8-405D-9FDA-8279FF60F12A}.Release|Any CPU.ActiveCfg = Release|Any CPU
		{0AABB7BC-F2A8-405D-9FDA-8279FF60F12A}.Release|Any CPU.Build.0 = Release|Any CPU
		{0AABB7BC-F2A8-405D-9FDA-8279FF60F12A}.Release|x86.ActiveCfg = Release|Any CPU
		{0AABB7BC-F2A8-405D-9FDA-8279FF60F12A}.Release|x86.Build.0 = Release|Any CPU
		{C694028F-BCD3-4CA2-A8C7-A29640FF9511}.Debug|Any CPU.ActiveCfg = Debug|Any CPU
		{C694028F-BCD3-4CA2-A8C7-A29640FF9511}.Debug|Any CPU.Build.0 = Debug|Any CPU
		{C694028F-BCD3-4CA2-A8C7-A29640FF9511}.Debug|x86.ActiveCfg = Debug|Any CPU
		{C694028F-BCD3-4CA2-A8C7-A29640FF9511}.Debug|x86.Build.0 = Debug|Any CPU
		{C694028F-BCD3-4CA2-A8C7-A29640FF9511}.Release|Any CPU.ActiveCfg = Release|Any CPU
		{C694028F-BCD3-4CA2-A8C7-A29640FF9511}.Release|Any CPU.Build.0 = Release|Any CPU
		{C694028F-BCD3-4CA2-A8C7-A29640FF9511}.Release|x86.ActiveCfg = Release|Any CPU
		{C694028F-BCD3-4CA2-A8C7-A29640FF9511}.Release|x86.Build.0 = Release|Any CPU
	EndGlobalSection
	GlobalSection(SolutionProperties) = preSolution
		HideSolutionNode = FALSE
	EndGlobalSection
	GlobalSection(ExtensibilityGlobals) = postSolution
		SolutionGuid = {AA782BF2-69DA-4D90-9F2E-F8B38FCE0507}
	EndGlobalSection
EndGlobal
